
Microsoft Visual Studio Solution File, Format Version 12.00
# Visual Studio Version 16
VisualStudioVersion = 16.0.32228.343
MinimumVisualStudioVersion = 10.0.40219.1
Project("{2150E333-8FDC-42A3-9474-1A3956D46DE8}") = "Core", "Core", "{EFDF4A07-011E-4327-BBA0-2B39E635A04E}"
EndProject
Project("{FAE04EC0-301F-11D3-BF4B-00C04F79EFBC}") = "DSS.Common", "DSS.Common\DSS.Common.csproj", "{036F7E91-1FD2-40FA-9B5E-F17D2C87AF51}"
EndProject
Project("{FAE04EC0-301F-11D3-BF4B-00C04F79EFBC}") = "DSS.Model", "DSS.Model\DSS.Model.csproj", "{D109A4F7-9665-412B-965D-B11D58D62AAB}"
EndProject
Project("{FAE04EC0-301F-11D3-BF4B-00C04F79EFBC}") = "DSS.Business", "DSS.Business\DSS.Business.csproj", "{1357149E-222A-4DFE-9C92-A81C764BC67B}"
EndProject
Project("{2150E333-8FDC-42A3-9474-1A3956D46DE8}") = "WebApi", "WebApi", "{6168B354-3EC0-4C35-88B5-EE2B80A2E984}"
EndProject
Project("{FAE04EC0-301F-11D3-BF4B-00C04F79EFBC}") = "DSS.WebApiService", "DSS.WebApiService\DSS.WebApiService.csproj", "{4221348C-15BD-4EC7-A15F-066298B47310}"
EndProject
Project("{2150E333-8FDC-42A3-9474-1A3956D46DE8}") = "GatewayApi", "GatewayApi", "{2003486E-5DFF-4ED7-A397-3D42DA695C5C}"
EndProject
Project("{FAE04EC0-301F-11D3-BF4B-00C04F79EFBC}") = "Uol.PagSeguro", "Uol.PagSeguro\Uol.PagSeguro.csproj", "{BABC5658-6AFD-4F8E-81F1-434553663D99}"
EndProject
Project("{2150E333-8FDC-42A3-9474-1A3956D46DE8}") = "Integracoes", "Integracoes", "{0FB95726-5498-4271-AEE7-9FD581E8BA2C}"
EndProject
Project("{FAE04EC0-301F-11D3-BF4B-00C04F79EFBC}") = "Predify_Integracoes", "Predify_Integracoes\Predify_Integracoes\Predify_Integracoes.csproj", "{F7BD6B21-6669-4442-B7CF-B055D8E713F5}"
EndProject
Project("{FAE04EC0-301F-11D3-BF4B-00C04F79EFBC}") = "Predify.Models", "Predify.Models\Predify.Models.csproj", "{62113546-A466-4C05-ACB3-11A12D053EBF}"
EndProject
Project("{FAE04EC0-301F-11D3-BF4B-00C04F79EFBC}") = "Predify.ServicoIntegracao", "ServicoIntegracao\Predify.ServicoIntegracao.csproj", "{60A2E3F7-21A1-4136-83D1-10D4B6072922}"
EndProject
Project("{FAE04EC0-301F-11D3-BF4B-00C04F79EFBC}") = "Predify.ServicoIntegracaoManager", "Predify.ServicoIntegracaoManager\Predify.ServicoIntegracaoManager.csproj", "{44A92DB6-4CC6-41D9-9C2D-F9CA6BFE90E8}"
EndProject
Project("{FAE04EC0-301F-11D3-BF4B-00C04F79EFBC}") = "PredifyTasks", "Predify.Server.Tasks\PredifyTasks\PredifyTasks.csproj", "{0EE303EB-800D-4A34-93EE-985352A96BA6}"
EndProject
Project("{FAE04EC0-301F-11D3-BF4B-00C04F79EFBC}") = "Predify.DBO", "Predify.DBO\Predify.DBO.csproj", "{074A08D7-A921-4B98-A603-5E0767DD6FFF}"
EndProject
Project("{FAE04EC0-301F-11D3-BF4B-00C04F79EFBC}") = "CargaInicial", "CargaInicial\CargaInicial.csproj", "{FF5F2130-5CED-4E78-8A1B-851D4AE412EF}"
EndProject
Global
	GlobalSection(SolutionConfigurationPlatforms) = preSolution
		Debug|Any CPU = Debug|Any CPU
		Debug|x86 = Debug|x86
		MOCK|Any CPU = MOCK|Any CPU
		MOCK|x86 = MOCK|x86
		Release|Any CPU = Release|Any CPU
		Release|x86 = Release|x86
	EndGlobalSection
	GlobalSection(ProjectConfigurationPlatforms) = postSolution
		{036F7E91-1FD2-40FA-9B5E-F17D2C87AF51}.Debug|Any CPU.ActiveCfg = Debug|Any CPU
		{036F7E91-1FD2-40FA-9B5E-F17D2C87AF51}.Debug|Any CPU.Build.0 = Debug|Any CPU
		{036F7E91-1FD2-40FA-9B5E-F17D2C87AF51}.Debug|x86.ActiveCfg = Debug|Any CPU
		{036F7E91-1FD2-40FA-9B5E-F17D2C87AF51}.Debug|x86.Build.0 = Debug|Any CPU
		{036F7E91-1FD2-40FA-9B5E-F17D2C87AF51}.MOCK|Any CPU.ActiveCfg = Debug|Any CPU
		{036F7E91-1FD2-40FA-9B5E-F17D2C87AF51}.MOCK|Any CPU.Build.0 = Debug|Any CPU
		{036F7E91-1FD2-40FA-9B5E-F17D2C87AF51}.MOCK|x86.ActiveCfg = MOCK|Any CPU
		{036F7E91-1FD2-40FA-9B5E-F17D2C87AF51}.MOCK|x86.Build.0 = MOCK|Any CPU
		{036F7E91-1FD2-40FA-9B5E-F17D2C87AF51}.Release|Any CPU.ActiveCfg = Release|Any CPU
		{036F7E91-1FD2-40FA-9B5E-F17D2C87AF51}.Release|Any CPU.Build.0 = Release|Any CPU
		{036F7E91-1FD2-40FA-9B5E-F17D2C87AF51}.Release|x86.ActiveCfg = Release|Any CPU
		{036F7E91-1FD2-40FA-9B5E-F17D2C87AF51}.Release|x86.Build.0 = Release|Any CPU
		{D109A4F7-9665-412B-965D-B11D58D62AAB}.Debug|Any CPU.ActiveCfg = Debug|Any CPU
		{D109A4F7-9665-412B-965D-B11D58D62AAB}.Debug|Any CPU.Build.0 = Debug|Any CPU
		{D109A4F7-9665-412B-965D-B11D58D62AAB}.Debug|x86.ActiveCfg = Debug|Any CPU
		{D109A4F7-9665-412B-965D-B11D58D62AAB}.Debug|x86.Build.0 = Debug|Any CPU
		{D109A4F7-9665-412B-965D-B11D58D62AAB}.MOCK|Any CPU.ActiveCfg = Debug|Any CPU
		{D109A4F7-9665-412B-965D-B11D58D62AAB}.MOCK|Any CPU.Build.0 = Debug|Any CPU
		{D109A4F7-9665-412B-965D-B11D58D62AAB}.MOCK|x86.ActiveCfg = MOCK|Any CPU
		{D109A4F7-9665-412B-965D-B11D58D62AAB}.MOCK|x86.Build.0 = MOCK|Any CPU
		{D109A4F7-9665-412B-965D-B11D58D62AAB}.Release|Any CPU.ActiveCfg = Release|Any CPU
		{D109A4F7-9665-412B-965D-B11D58D62AAB}.Release|Any CPU.Build.0 = Release|Any CPU
		{D109A4F7-9665-412B-965D-B11D58D62AAB}.Release|x86.ActiveCfg = Release|Any CPU
		{D109A4F7-9665-412B-965D-B11D58D62AAB}.Release|x86.Build.0 = Release|Any CPU
		{1357149E-222A-4DFE-9C92-A81C764BC67B}.Debug|Any CPU.ActiveCfg = Debug|Any CPU
		{1357149E-222A-4DFE-9C92-A81C764BC67B}.Debug|Any CPU.Build.0 = Debug|Any CPU
		{1357149E-222A-4DFE-9C92-A81C764BC67B}.Debug|x86.ActiveCfg = Debug|Any CPU
		{1357149E-222A-4DFE-9C92-A81C764BC67B}.Debug|x86.Build.0 = Debug|Any CPU
		{1357149E-222A-4DFE-9C92-A81C764BC67B}.MOCK|Any CPU.ActiveCfg = Debug|Any CPU
		{1357149E-222A-4DFE-9C92-A81C764BC67B}.MOCK|Any CPU.Build.0 = Debug|Any CPU
		{1357149E-222A-4DFE-9C92-A81C764BC67B}.MOCK|x86.ActiveCfg = MOCK|Any CPU
		{1357149E-222A-4DFE-9C92-A81C764BC67B}.MOCK|x86.Build.0 = MOCK|Any CPU
		{1357149E-222A-4DFE-9C92-A81C764BC67B}.Release|Any CPU.ActiveCfg = Release|Any CPU
		{1357149E-222A-4DFE-9C92-A81C764BC67B}.Release|Any CPU.Build.0 = Release|Any CPU
		{1357149E-222A-4DFE-9C92-A81C764BC67B}.Release|x86.ActiveCfg = Release|Any CPU
		{1357149E-222A-4DFE-9C92-A81C764BC67B}.Release|x86.Build.0 = Release|Any CPU
		{4221348C-15BD-4EC7-A15F-066298B47310}.Debug|Any CPU.ActiveCfg = Debug|Any CPU
		{4221348C-15BD-4EC7-A15F-066298B47310}.Debug|Any CPU.Build.0 = Debug|Any CPU
		{4221348C-15BD-4EC7-A15F-066298B47310}.Debug|x86.ActiveCfg = Debug|Any CPU
		{4221348C-15BD-4EC7-A15F-066298B47310}.Debug|x86.Build.0 = Debug|Any CPU
		{4221348C-15BD-4EC7-A15F-066298B47310}.MOCK|Any CPU.ActiveCfg = MOCK|Any CPU
		{4221348C-15BD-4EC7-A15F-066298B47310}.MOCK|Any CPU.Build.0 = MOCK|Any CPU
		{4221348C-15BD-4EC7-A15F-066298B47310}.MOCK|x86.ActiveCfg = MOCK|Any CPU
		{4221348C-15BD-4EC7-A15F-066298B47310}.MOCK|x86.Build.0 = MOCK|Any CPU
		{4221348C-15BD-4EC7-A15F-066298B47310}.Release|Any CPU.ActiveCfg = Release|Any CPU
		{4221348C-15BD-4EC7-A15F-066298B47310}.Release|Any CPU.Build.0 = Release|Any CPU
		{4221348C-15BD-4EC7-A15F-066298B47310}.Release|x86.ActiveCfg = Release|Any CPU
		{4221348C-15BD-4EC7-A15F-066298B47310}.Release|x86.Build.0 = Release|Any CPU
		{BABC5658-6AFD-4F8E-81F1-434553663D99}.Debug|Any CPU.ActiveCfg = Debug|Any CPU
		{BABC5658-6AFD-4F8E-81F1-434553663D99}.Debug|x86.ActiveCfg = Debug|Any CPU
		{BABC5658-6AFD-4F8E-81F1-434553663D99}.Debug|x86.Build.0 = Debug|Any CPU
		{BABC5658-6AFD-4F8E-81F1-434553663D99}.MOCK|Any CPU.ActiveCfg = Debug|Any CPU
		{BABC5658-6AFD-4F8E-81F1-434553663D99}.MOCK|x86.ActiveCfg = MOCK|Any CPU
		{BABC5658-6AFD-4F8E-81F1-434553663D99}.MOCK|x86.Build.0 = MOCK|Any CPU
		{BABC5658-6AFD-4F8E-81F1-434553663D99}.Release|Any CPU.ActiveCfg = Release|Any CPU
		{BABC5658-6AFD-4F8E-81F1-434553663D99}.Release|x86.ActiveCfg = Release|Any CPU
		{BABC5658-6AFD-4F8E-81F1-434553663D99}.Release|x86.Build.0 = Release|Any CPU
		{F7BD6B21-6669-4442-B7CF-B055D8E713F5}.Debug|Any CPU.ActiveCfg = Debug|Any CPU
		{F7BD6B21-6669-4442-B7CF-B055D8E713F5}.Debug|Any CPU.Build.0 = Debug|Any CPU
		{F7BD6B21-6669-4442-B7CF-B055D8E713F5}.Debug|x86.ActiveCfg = Debug|Any CPU
		{F7BD6B21-6669-4442-B7CF-B055D8E713F5}.Debug|x86.Build.0 = Debug|Any CPU
		{F7BD6B21-6669-4442-B7CF-B055D8E713F5}.MOCK|Any CPU.ActiveCfg = Debug|Any CPU
		{F7BD6B21-6669-4442-B7CF-B055D8E713F5}.MOCK|Any CPU.Build.0 = Debug|Any CPU
		{F7BD6B21-6669-4442-B7CF-B055D8E713F5}.MOCK|x86.ActiveCfg = MOCK|Any CPU
		{F7BD6B21-6669-4442-B7CF-B055D8E713F5}.MOCK|x86.Build.0 = MOCK|Any CPU
		{F7BD6B21-6669-4442-B7CF-B055D8E713F5}.Release|Any CPU.ActiveCfg = Release|Any CPU
		{F7BD6B21-6669-4442-B7CF-B055D8E713F5}.Release|Any CPU.Build.0 = Release|Any CPU
		{F7BD6B21-6669-4442-B7CF-B055D8E713F5}.Release|x86.ActiveCfg = Release|Any CPU
		{F7BD6B21-6669-4442-B7CF-B055D8E713F5}.Release|x86.Build.0 = Release|Any CPU
		{62113546-A466-4C05-ACB3-11A12D053EBF}.Debug|Any CPU.ActiveCfg = Debug|Any CPU
		{62113546-A466-4C05-ACB3-11A12D053EBF}.Debug|Any CPU.Build.0 = Debug|Any CPU
		{62113546-A466-4C05-ACB3-11A12D053EBF}.Debug|x86.ActiveCfg = Debug|Any CPU
		{62113546-A466-4C05-ACB3-11A12D053EBF}.Debug|x86.Build.0 = Debug|Any CPU
		{62113546-A466-4C05-ACB3-11A12D053EBF}.MOCK|Any CPU.ActiveCfg = Debug|Any CPU
		{62113546-A466-4C05-ACB3-11A12D053EBF}.MOCK|Any CPU.Build.0 = Debug|Any CPU
		{62113546-A466-4C05-ACB3-11A12D053EBF}.MOCK|x86.ActiveCfg = MOCK|Any CPU
		{62113546-A466-4C05-ACB3-11A12D053EBF}.MOCK|x86.Build.0 = MOCK|Any CPU
		{62113546-A466-4C05-ACB3-11A12D053EBF}.Release|Any CPU.ActiveCfg = Release|Any CPU
		{62113546-A466-4C05-ACB3-11A12D053EBF}.Release|Any CPU.Build.0 = Release|Any CPU
		{62113546-A466-4C05-ACB3-11A12D053EBF}.Release|x86.ActiveCfg = Release|Any CPU
		{62113546-A466-4C05-ACB3-11A12D053EBF}.Release|x86.Build.0 = Release|Any CPU
		{60A2E3F7-21A1-4136-83D1-10D4B6072922}.Debug|Any CPU.ActiveCfg = Debug|Any CPU
		{60A2E3F7-21A1-4136-83D1-10D4B6072922}.Debug|x86.ActiveCfg = Debug|Any CPU
		{60A2E3F7-21A1-4136-83D1-10D4B6072922}.Debug|x86.Build.0 = Debug|Any CPU
		{60A2E3F7-21A1-4136-83D1-10D4B6072922}.MOCK|Any CPU.ActiveCfg = Debug|Any CPU
		{60A2E3F7-21A1-4136-83D1-10D4B6072922}.MOCK|x86.ActiveCfg = MOCK|Any CPU
		{60A2E3F7-21A1-4136-83D1-10D4B6072922}.MOCK|x86.Build.0 = MOCK|Any CPU
		{60A2E3F7-21A1-4136-83D1-10D4B6072922}.Release|Any CPU.ActiveCfg = Release|Any CPU
		{60A2E3F7-21A1-4136-83D1-10D4B6072922}.Release|Any CPU.Build.0 = Release|Any CPU
		{60A2E3F7-21A1-4136-83D1-10D4B6072922}.Release|x86.ActiveCfg = Release|Any CPU
		{60A2E3F7-21A1-4136-83D1-10D4B6072922}.Release|x86.Build.0 = Release|Any CPU
		{44A92DB6-4CC6-41D9-9C2D-F9CA6BFE90E8}.Debug|Any CPU.ActiveCfg = Debug|Any CPU
		{44A92DB6-4CC6-41D9-9C2D-F9CA6BFE90E8}.Debug|x86.ActiveCfg = Debug|Any CPU
		{44A92DB6-4CC6-41D9-9C2D-F9CA6BFE90E8}.Debug|x86.Build.0 = Debug|Any CPU
		{44A92DB6-4CC6-41D9-9C2D-F9CA6BFE90E8}.MOCK|Any CPU.ActiveCfg = Debug|Any CPU
		{44A92DB6-4CC6-41D9-9C2D-F9CA6BFE90E8}.MOCK|x86.ActiveCfg = MOCK|Any CPU
		{44A92DB6-4CC6-41D9-9C2D-F9CA6BFE90E8}.MOCK|x86.Build.0 = MOCK|Any CPU
		{44A92DB6-4CC6-41D9-9C2D-F9CA6BFE90E8}.Release|Any CPU.ActiveCfg = Release|Any CPU
		{44A92DB6-4CC6-41D9-9C2D-F9CA6BFE90E8}.Release|Any CPU.Build.0 = Release|Any CPU
		{44A92DB6-4CC6-41D9-9C2D-F9CA6BFE90E8}.Release|x86.ActiveCfg = Release|Any CPU
		{44A92DB6-4CC6-41D9-9C2D-F9CA6BFE90E8}.Release|x86.Build.0 = Release|Any CPU
		{0EE303EB-800D-4A34-93EE-985352A96BA6}.Debug|Any CPU.ActiveCfg = Debug|Any CPU
		{0EE303EB-800D-4A34-93EE-985352A96BA6}.Debug|x86.ActiveCfg = Debug|Any CPU
		{0EE303EB-800D-4A34-93EE-985352A96BA6}.Debug|x86.Build.0 = Debug|Any CPU
		{0EE303EB-800D-4A34-93EE-985352A96BA6}.MOCK|Any CPU.ActiveCfg = Debug|Any CPU
		{0EE303EB-800D-4A34-93EE-985352A96BA6}.MOCK|Any CPU.Build.0 = Debug|Any CPU
		{0EE303EB-800D-4A34-93EE-985352A96BA6}.MOCK|x86.ActiveCfg = MOCK|Any CPU
		{0EE303EB-800D-4A34-93EE-985352A96BA6}.MOCK|x86.Build.0 = MOCK|Any CPU
		{0EE303EB-800D-4A34-93EE-985352A96BA6}.Release|Any CPU.ActiveCfg = Release|Any CPU
		{0EE303EB-800D-4A34-93EE-985352A96BA6}.Release|Any CPU.Build.0 = Release|Any CPU
		{0EE303EB-800D-4A34-93EE-985352A96BA6}.Release|x86.ActiveCfg = Release|Any CPU
		{0EE303EB-800D-4A34-93EE-985352A96BA6}.Release|x86.Build.0 = Release|Any CPU
		{074A08D7-A921-4B98-A603-5E0767DD6FFF}.Debug|Any CPU.ActiveCfg = Debug|Any CPU
		{074A08D7-A921-4B98-A603-5E0767DD6FFF}.Debug|Any CPU.Build.0 = Debug|Any CPU
		{074A08D7-A921-4B98-A603-5E0767DD6FFF}.Debug|x86.ActiveCfg = Debug|Any CPU
		{074A08D7-A921-4B98-A603-5E0767DD6FFF}.Debug|x86.Build.0 = Debug|Any CPU
		{074A08D7-A921-4B98-A603-5E0767DD6FFF}.MOCK|Any CPU.ActiveCfg = Debug|Any CPU
		{074A08D7-A921-4B98-A603-5E0767DD6FFF}.MOCK|Any CPU.Build.0 = Debug|Any CPU
		{074A08D7-A921-4B98-A603-5E0767DD6FFF}.MOCK|x86.ActiveCfg = MOCK|Any CPU
		{074A08D7-A921-4B98-A603-5E0767DD6FFF}.MOCK|x86.Build.0 = MOCK|Any CPU
		{074A08D7-A921-4B98-A603-5E0767DD6FFF}.Release|Any CPU.ActiveCfg = Release|Any CPU
		{074A08D7-A921-4B98-A603-5E0767DD6FFF}.Release|Any CPU.Build.0 = Release|Any CPU
		{074A08D7-A921-4B98-A603-5E0767DD6FFF}.Release|x86.ActiveCfg = Release|Any CPU
		{074A08D7-A921-4B98-A603-5E0767DD6FFF}.Release|x86.Build.0 = Release|Any CPU
		{FF5F2130-5CED-4E78-8A1B-851D4AE412EF}.Debug|Any CPU.ActiveCfg = Debug|Any CPU
		{FF5F2130-5CED-4E78-8A1B-851D4AE412EF}.Debug|Any CPU.Build.0 = Debug|Any CPU
		{FF5F2130-5CED-4E78-8A1B-851D4AE412EF}.Debug|x86.ActiveCfg = Debug|Any CPU
		{FF5F2130-5CED-4E78-8A1B-851D4AE412EF}.Debug|x86.Build.0 = Debug|Any CPU
		{FF5F2130-5CED-4E78-8A1B-851D4AE412EF}.MOCK|Any CPU.ActiveCfg = Debug|Any CPU
		{FF5F2130-5CED-4E78-8A1B-851D4AE412EF}.MOCK|Any CPU.Build.0 = Debug|Any CPU
		{FF5F2130-5CED-4E78-8A1B-851D4AE412EF}.MOCK|x86.ActiveCfg = Debug|Any CPU
		{FF5F2130-5CED-4E78-8A1B-851D4AE412EF}.MOCK|x86.Build.0 = Debug|Any CPU
		{FF5F2130-5CED-4E78-8A1B-851D4AE412EF}.Release|Any CPU.ActiveCfg = Release|Any CPU
		{FF5F2130-5CED-4E78-8A1B-851D4AE412EF}.Release|Any CPU.Build.0 = Release|Any CPU
		{FF5F2130-5CED-4E78-8A1B-851D4AE412EF}.Release|x86.ActiveCfg = Release|Any CPU
		{FF5F2130-5CED-4E78-8A1B-851D4AE412EF}.Release|x86.Build.0 = Release|Any CPU
	EndGlobalSection
	GlobalSection(SolutionProperties) = preSolution
		HideSolutionNode = FALSE
	EndGlobalSection
	GlobalSection(NestedProjects) = preSolution
		{036F7E91-1FD2-40FA-9B5E-F17D2C87AF51} = {EFDF4A07-011E-4327-BBA0-2B39E635A04E}
		{D109A4F7-9665-412B-965D-B11D58D62AAB} = {EFDF4A07-011E-4327-BBA0-2B39E635A04E}
		{1357149E-222A-4DFE-9C92-A81C764BC67B} = {EFDF4A07-011E-4327-BBA0-2B39E635A04E}
		{4221348C-15BD-4EC7-A15F-066298B47310} = {6168B354-3EC0-4C35-88B5-EE2B80A2E984}
		{BABC5658-6AFD-4F8E-81F1-434553663D99} = {2003486E-5DFF-4ED7-A397-3D42DA695C5C}
		{F7BD6B21-6669-4442-B7CF-B055D8E713F5} = {0FB95726-5498-4271-AEE7-9FD581E8BA2C}
		{62113546-A466-4C05-ACB3-11A12D053EBF} = {6168B354-3EC0-4C35-88B5-EE2B80A2E984}
		{60A2E3F7-21A1-4136-83D1-10D4B6072922} = {0FB95726-5498-4271-AEE7-9FD581E8BA2C}
		{44A92DB6-4CC6-41D9-9C2D-F9CA6BFE90E8} = {0FB95726-5498-4271-AEE7-9FD581E8BA2C}
		{0EE303EB-800D-4A34-93EE-985352A96BA6} = {6168B354-3EC0-4C35-88B5-EE2B80A2E984}
		{074A08D7-A921-4B98-A603-5E0767DD6FFF} = {EFDF4A07-011E-4327-BBA0-2B39E635A04E}
		{FF5F2130-5CED-4E78-8A1B-851D4AE412EF} = {0FB95726-5498-4271-AEE7-9FD581E8BA2C}
	EndGlobalSection
	GlobalSection(ExtensibilityGlobals) = postSolution
		SolutionGuid = {027D50D4-47A0-4A07-8DC1-38EDBE2B4EFC}
	EndGlobalSection
EndGlobal
